
Microsoft Visual Studio Solution File, Format Version 12.00
# Visual Studio 15
Project("{FAE04EC0-301F-11D3-BF4B-00C04F79EFBC}") = "CID_api", "CID_api\CID_api.csproj", "{87AE3DDA-838A-4869-9D84-C5D645C99F29}"
EndProject
Global
	GlobalSection(SolutionConfigurationPlatforms) = preSolution
		Debug|Any CPU = Debug|Any CPU
		Release|Any CPU = Release|Any CPU
	EndGlobalSection
	GlobalSection(ProjectConfigurationPlatforms) = postSolution
		{87AE3DDA-838A-4869-9D84-C5D645C99F29}.Debug|Any CPU.ActiveCfg = Debug|Any CPU
		{87AE3DDA-838A-4869-9D84-C5D645C99F29}.Debug|Any CPU.Build.0 = Debug|Any CPU
		{87AE3DDA-838A-4869-9D84-C5D645C99F29}.Release|Any CPU.ActiveCfg = Release|Any CPU
		{87AE3DDA-838A-4869-9D84-C5D645C99F29}.Release|Any CPU.Build.0 = Release|Any CPU
	EndGlobalSection
EndGlobal
